{
  "version": 4,
  "terraform_version": "1.1.9",
  "serial": 1,
  "lineage": "1a227cda-12e9-53d4-c37d-a2a7ac4e43f1",
  "outputs": {},
  "resources": [
    {
      "mode": "managed",
      "type": "aws_vpc",
      "name": "main",
      "provider": "provider[\"registry.terraform.io/hashicorp/aws\"]",
      "instances": [
        {
          "schema_version": 1,
          "attributes": {
            "arn": "arn:aws:ec2:us-east-1:323301232433:vpc/vpc-0c7a90851acd99fcf",
            "assign_generated_ipv6_cidr_block": false,
            "cidr_block": "10.0.0.0/16",
            "default_network_acl_id": "acl-044ec1d41cd3ac300",
            "default_route_table_id": "rtb-0ce87a25ce870bf49",
            "default_security_group_id": "sg-09fb8d60a37df3079",
            "dhcp_options_id": "dopt-b84f54c2",
            "enable_classiclink": false,
            "enable_classiclink_dns_support": false,
            "enable_dns_hostnames": false,
            "enable_dns_support": true,
            "id": "vpc-0c7a90851acd99fcf",
            "instance_tenancy": "default",
            "ipv4_ipam_pool_id": null,
            "ipv4_netmask_length": null,
            "ipv6_association_id": "",
            "ipv6_cidr_block": "",
            "ipv6_cidr_block_network_border_group": "",
            "ipv6_ipam_pool_id": "",
            "ipv6_netmask_length": 0,
            "main_route_table_id": "rtb-0ce87a25ce870bf49",
            "owner_id": "323301232433",
            "tags": {
              "Name": "terraform-vpc-01"
            },
            "tags_all": {
              "Name": "terraform-vpc-01"
            }
          },
          "sensitive_attributes": [],
          "private": "eyJzY2hlbWFfdmVyc2lvbiI6IjEifQ=="
        }
      ]
    }
  ]
}
